
Microsoft Visual Studio Solution File, Format Version 12.00
# Visual Studio Version 17
VisualStudioVersion = 17.14.36301.6 d17.14
MinimumVisualStudioVersion = 10.0.40219.1
Project("{FAE04EC0-301F-11D3-BF4B-00C04F79EFBC}") = "SkillUp", "SkillUp\SkillUp.csproj", "{E2CBA359-3252-4A80-A0F2-282782286402}"
EndProject
Global
	GlobalSection(SolutionConfigurationPlatforms) = preSolution
		Debug|Any CPU = Debug|Any CPU
		Release|Any CPU = Release|Any CPU
	EndGlobalSection
	GlobalSection(ProjectConfigurationPlatforms) = postSolution
		{E2CBA359-3252-4A80-A0F2-282782286402}.Debug|Any CPU.ActiveCfg = Debug|Any CPU
		{E2CBA359-3252-4A80-A0F2-282782286402}.Debug|Any CPU.Build.0 = Debug|Any CPU
		{E2CBA359-3252-4A80-A0F2-282782286402}.Release|Any CPU.ActiveCfg = Release|Any CPU
		{E2CBA359-3252-4A80-A0F2-282782286402}.Release|Any CPU.Build.0 = Release|Any CPU
	EndGlobalSection
	GlobalSection(SolutionProperties) = preSolution
		HideSolutionNode = FALSE
	EndGlobalSection
	GlobalSection(ExtensibilityGlobals) = postSolution
		SolutionGuid = {A638BBEB-7B9E-4733-935D-E75953F24AD0}
	EndGlobalSection
EndGlobal
